
Microsoft Visual Studio Solution File, Format Version 12.00
# Visual Studio Version 17
VisualStudioVersion = 17.9.34622.214
MinimumVisualStudioVersion = 10.0.40219.1
Project("{FAE04EC0-301F-11D3-BF4B-00C04F79EFBC}") = "Client", "Client\Client.csproj", "{AA2E945F-8DA9-4AC4-AF7C-38160DD28CEA}"
EndProject
Project("{FAE04EC0-301F-11D3-BF4B-00C04F79EFBC}") = "Server", "Server\Server.csproj", "{A99112B5-9A61-4F58-914F-169E985C7130}"
EndProject
Global
	GlobalSection(SolutionConfigurationPlatforms) = preSolution
		Debug|Any CPU = Debug|Any CPU
		Release|Any CPU = Release|Any CPU
	EndGlobalSection
	GlobalSection(ProjectConfigurationPlatforms) = postSolution
		{AA2E945F-8DA9-4AC4-AF7C-38160DD28CEA}.Debug|Any CPU.ActiveCfg = Debug|Any CPU
		{AA2E945F-8DA9-4AC4-AF7C-38160DD28CEA}.Debug|Any CPU.Build.0 = Debug|Any CPU
		{AA2E945F-8DA9-4AC4-AF7C-38160DD28CEA}.Release|Any CPU.ActiveCfg = Release|Any CPU
		{AA2E945F-8DA9-4AC4-AF7C-38160DD28CEA}.Release|Any CPU.Build.0 = Release|Any CPU
		{A99112B5-9A61-4F58-914F-169E985C7130}.Debug|Any CPU.ActiveCfg = Debug|Any CPU
		{A99112B5-9A61-4F58-914F-169E985C7130}.Debug|Any CPU.Build.0 = Debug|Any CPU
		{A99112B5-9A61-4F58-914F-169E985C7130}.Release|Any CPU.ActiveCfg = Release|Any CPU
		{A99112B5-9A61-4F58-914F-169E985C7130}.Release|Any CPU.Build.0 = Release|Any CPU
	EndGlobalSection
	GlobalSection(SolutionProperties) = preSolution
		HideSolutionNode = FALSE
	EndGlobalSection
	GlobalSection(ExtensibilityGlobals) = postSolution
		SolutionGuid = {085DFD39-6D48-4398-AA54-BF02E40065E9}
	EndGlobalSection
EndGlobal
